{
  "requires": true,
  "lockfileVersion": 1,
  "dependencies": {
    "headroom.js": {
      "version": "0.9.4",
      "resolved": "https://registry.npmjs.org/headroom.js/-/headroom.js-0.9.4.tgz",
      "integrity": "sha1-DE5rRWO7ad9Vrs3vq6MidWby31o="
    },
    "sticky-sidebar": {
      "version": "1.0.1",
      "resolved": "https://registry.npmjs.org/sticky-sidebar/-/sticky-sidebar-1.0.1.tgz",
      "integrity": "sha1-BpcSPUxDOJI4WQ3PuL8+5uGoP2g="
    }
  }
}
